
Microsoft Visual Studio Solution File, Format Version 12.00
# Visual Studio Version 16
VisualStudioVersion = 16.0.30114.105
MinimumVisualStudioVersion = 10.0.40219.1
Project("{9A19103F-16F7-4668-BE54-9A1E7A4F7556}") = "SwaggerDemo", "SwaggerDemo\SwaggerDemo.csproj", "{D2F19E3A-FD2C-49EE-944F-160177C53E6A}"
EndProject
Project("{9A19103F-16F7-4668-BE54-9A1E7A4F7556}") = "TestSwaggerModel", "TestSwaggerModel\TestSwaggerModel.csproj", "{97B185A2-92CC-46A7-ACF1-DBE930CC899E}"
EndProject
Project("{9A19103F-16F7-4668-BE54-9A1E7A4F7556}") = "MvcFilterDemo", "MvcFilterDemo\MvcFilterDemo.csproj", "{9D42BBD8-F21C-4287-BFFB-B665859583CE}"
EndProject
Project("{2150E333-8FDC-42A3-9474-1A3956D46DE8}") = "MediatRDemo", "MediatRDemo", "{7BF8B6E0-2B94-4402-B205-06AEE5BBA53E}"
EndProject
Project("{9A19103F-16F7-4668-BE54-9A1E7A4F7556}") = "MediatRConsoleDemo", "MediatRConsoleDemo\MediatRConsoleDemo.csproj", "{202B46C4-4BBD-4AE9-B207-05CE6E238524}"
EndProject
Project("{9A19103F-16F7-4668-BE54-9A1E7A4F7556}") = "MediatorDemo", "MediatorDemo\MediatorDemo.csproj", "{CE33DB55-3394-4C37-B3AC-6C131C4B4EA7}"
EndProject
Project("{9A19103F-16F7-4668-BE54-9A1E7A4F7556}") = "MediatRAspNetCoreDemo", "MediatRAspNetCoreDemo\MediatRAspNetCoreDemo.csproj", "{5D9497C4-D236-41D3-A500-30FD1DEB4AFB}"
EndProject
Project("{2150E333-8FDC-42A3-9474-1A3956D46DE8}") = "EFCoreDemo", "EFCoreDemo", "{CE1CBAFE-9F39-44C4-84D0-78D17C9BA4D9}"
EndProject
Project("{9A19103F-16F7-4668-BE54-9A1E7A4F7556}") = "EFCoreTestDemo", "EFCoreTestDemo\EFCoreTestDemo.csproj", "{48209268-8D24-4217-814E-797AF98BE053}"
EndProject
Project("{9A19103F-16F7-4668-BE54-9A1E7A4F7556}") = "EFCoreTestModel", "EFCoreTestModel\EFCoreTestModel.csproj", "{191EF22E-9CC8-44A4-84BE-E8D7607D448A}"
EndProject
Project("{9A19103F-16F7-4668-BE54-9A1E7A4F7556}") = "EFCoreTestService", "EFCoreTestService\EFCoreTestService.csproj", "{10C77DB3-8974-4AD3-B627-F1B869467202}"
EndProject
Project("{9A19103F-16F7-4668-BE54-9A1E7A4F7556}") = "EFCoreTestRespository", "EFCoreTestRespository\EFCoreTestRespository.csproj", "{2F736444-E9DB-488C-AD34-5B3AE78DCE91}"
EndProject
Project("{9A19103F-16F7-4668-BE54-9A1E7A4F7556}") = "test", "test\test.csproj", "{FFAAC7D0-FA8E-41C3-9C59-31BFBCA739E2}"
EndProject
Project("{9A19103F-16F7-4668-BE54-9A1E7A4F7556}") = "PDFDemo", "PDFDemo\PDFDemo.csproj", "{7C055ABF-24EC-4407-BC9D-BFA64CE7DD67}"
EndProject
Project("{9A19103F-16F7-4668-BE54-9A1E7A4F7556}") = "MemoryCacheConsoleDemo", "MemoryCacheConsoleDemo\MemoryCacheConsoleDemo.csproj", "{68B48C09-DD20-4728-8FAC-91302CF30929}"
EndProject
Project("{2150E333-8FDC-42A3-9474-1A3956D46DE8}") = "MemoryCacheDemo", "MemoryCacheDemo", "{E25144DA-A80B-4542-82F0-32A835C76688}"
EndProject
Project("{9A19103F-16F7-4668-BE54-9A1E7A4F7556}") = "MemoryCacheWebApiDemo", "MemoryCacheWebApiDemo\MemoryCacheWebApiDemo.csproj", "{1479D03A-E1FD-4AFC-8066-AE7FEB2FD93C}"
EndProject
Project("{2150E333-8FDC-42A3-9474-1A3956D46DE8}") = "AopDemo", "AopDemo", "{85DCDEC4-F74C-4865-8145-F666D73A68A8}"
EndProject
Project("{9A19103F-16F7-4668-BE54-9A1E7A4F7556}") = "AopConsoleDemo", "AopConsoleDemo\AopConsoleDemo.csproj", "{F5FBF16E-F917-41B2-BD5C-E7716F72C298}"
EndProject
Project("{9A19103F-16F7-4668-BE54-9A1E7A4F7556}") = "AopModel", "AopModel\AopModel.csproj", "{4572E923-C473-4DBB-ABFD-FEC8F105B2C3}"
EndProject
Project("{9A19103F-16F7-4668-BE54-9A1E7A4F7556}") = "AopService", "AopService\AopService.csproj", "{DE066C01-1C3D-46F5-B9B2-9BE35B14EB5A}"
EndProject
Project("{2150E333-8FDC-42A3-9474-1A3956D46DE8}") = "HttpClientAndHttpClientFactoryDemo", "HttpClientAndHttpClientFactoryDemo", "{ED24AE38-001A-4E95-B024-9362CCFD8671}"
EndProject
Project("{9A19103F-16F7-4668-BE54-9A1E7A4F7556}") = "HttpClientConsoleDemo", "HttpClientConsoleDemo\HttpClientConsoleDemo.csproj", "{DB1DF5AA-B892-48F0-8DED-7DBEEC327F9A}"
EndProject
Global
	GlobalSection(SolutionConfigurationPlatforms) = preSolution
		Debug|Any CPU = Debug|Any CPU
		Release|Any CPU = Release|Any CPU
	EndGlobalSection
	GlobalSection(ProjectConfigurationPlatforms) = postSolution
		{D2F19E3A-FD2C-49EE-944F-160177C53E6A}.Debug|Any CPU.ActiveCfg = Debug|Any CPU
		{D2F19E3A-FD2C-49EE-944F-160177C53E6A}.Debug|Any CPU.Build.0 = Debug|Any CPU
		{D2F19E3A-FD2C-49EE-944F-160177C53E6A}.Release|Any CPU.ActiveCfg = Release|Any CPU
		{D2F19E3A-FD2C-49EE-944F-160177C53E6A}.Release|Any CPU.Build.0 = Release|Any CPU
		{97B185A2-92CC-46A7-ACF1-DBE930CC899E}.Debug|Any CPU.ActiveCfg = Debug|Any CPU
		{97B185A2-92CC-46A7-ACF1-DBE930CC899E}.Debug|Any CPU.Build.0 = Debug|Any CPU
		{97B185A2-92CC-46A7-ACF1-DBE930CC899E}.Release|Any CPU.ActiveCfg = Release|Any CPU
		{97B185A2-92CC-46A7-ACF1-DBE930CC899E}.Release|Any CPU.Build.0 = Release|Any CPU
		{9D42BBD8-F21C-4287-BFFB-B665859583CE}.Debug|Any CPU.ActiveCfg = Debug|Any CPU
		{9D42BBD8-F21C-4287-BFFB-B665859583CE}.Debug|Any CPU.Build.0 = Debug|Any CPU
		{9D42BBD8-F21C-4287-BFFB-B665859583CE}.Release|Any CPU.ActiveCfg = Release|Any CPU
		{9D42BBD8-F21C-4287-BFFB-B665859583CE}.Release|Any CPU.Build.0 = Release|Any CPU
		{202B46C4-4BBD-4AE9-B207-05CE6E238524}.Debug|Any CPU.ActiveCfg = Debug|Any CPU
		{202B46C4-4BBD-4AE9-B207-05CE6E238524}.Debug|Any CPU.Build.0 = Debug|Any CPU
		{202B46C4-4BBD-4AE9-B207-05CE6E238524}.Release|Any CPU.ActiveCfg = Release|Any CPU
		{202B46C4-4BBD-4AE9-B207-05CE6E238524}.Release|Any CPU.Build.0 = Release|Any CPU
		{CE33DB55-3394-4C37-B3AC-6C131C4B4EA7}.Debug|Any CPU.ActiveCfg = Debug|Any CPU
		{CE33DB55-3394-4C37-B3AC-6C131C4B4EA7}.Debug|Any CPU.Build.0 = Debug|Any CPU
		{CE33DB55-3394-4C37-B3AC-6C131C4B4EA7}.Release|Any CPU.ActiveCfg = Release|Any CPU
		{CE33DB55-3394-4C37-B3AC-6C131C4B4EA7}.Release|Any CPU.Build.0 = Release|Any CPU
		{5D9497C4-D236-41D3-A500-30FD1DEB4AFB}.Debug|Any CPU.ActiveCfg = Debug|Any CPU
		{5D9497C4-D236-41D3-A500-30FD1DEB4AFB}.Debug|Any CPU.Build.0 = Debug|Any CPU
		{5D9497C4-D236-41D3-A500-30FD1DEB4AFB}.Release|Any CPU.ActiveCfg = Release|Any CPU
		{5D9497C4-D236-41D3-A500-30FD1DEB4AFB}.Release|Any CPU.Build.0 = Release|Any CPU
		{48209268-8D24-4217-814E-797AF98BE053}.Debug|Any CPU.ActiveCfg = Debug|Any CPU
		{48209268-8D24-4217-814E-797AF98BE053}.Debug|Any CPU.Build.0 = Debug|Any CPU
		{48209268-8D24-4217-814E-797AF98BE053}.Release|Any CPU.ActiveCfg = Release|Any CPU
		{48209268-8D24-4217-814E-797AF98BE053}.Release|Any CPU.Build.0 = Release|Any CPU
		{191EF22E-9CC8-44A4-84BE-E8D7607D448A}.Debug|Any CPU.ActiveCfg = Debug|Any CPU
		{191EF22E-9CC8-44A4-84BE-E8D7607D448A}.Debug|Any CPU.Build.0 = Debug|Any CPU
		{191EF22E-9CC8-44A4-84BE-E8D7607D448A}.Release|Any CPU.ActiveCfg = Release|Any CPU
		{191EF22E-9CC8-44A4-84BE-E8D7607D448A}.Release|Any CPU.Build.0 = Release|Any CPU
		{10C77DB3-8974-4AD3-B627-F1B869467202}.Debug|Any CPU.ActiveCfg = Debug|Any CPU
		{10C77DB3-8974-4AD3-B627-F1B869467202}.Debug|Any CPU.Build.0 = Debug|Any CPU
		{10C77DB3-8974-4AD3-B627-F1B869467202}.Release|Any CPU.ActiveCfg = Release|Any CPU
		{10C77DB3-8974-4AD3-B627-F1B869467202}.Release|Any CPU.Build.0 = Release|Any CPU
		{2F736444-E9DB-488C-AD34-5B3AE78DCE91}.Debug|Any CPU.ActiveCfg = Debug|Any CPU
		{2F736444-E9DB-488C-AD34-5B3AE78DCE91}.Debug|Any CPU.Build.0 = Debug|Any CPU
		{2F736444-E9DB-488C-AD34-5B3AE78DCE91}.Release|Any CPU.ActiveCfg = Release|Any CPU
		{2F736444-E9DB-488C-AD34-5B3AE78DCE91}.Release|Any CPU.Build.0 = Release|Any CPU
		{FFAAC7D0-FA8E-41C3-9C59-31BFBCA739E2}.Debug|Any CPU.ActiveCfg = Debug|Any CPU
		{FFAAC7D0-FA8E-41C3-9C59-31BFBCA739E2}.Debug|Any CPU.Build.0 = Debug|Any CPU
		{FFAAC7D0-FA8E-41C3-9C59-31BFBCA739E2}.Release|Any CPU.ActiveCfg = Release|Any CPU
		{FFAAC7D0-FA8E-41C3-9C59-31BFBCA739E2}.Release|Any CPU.Build.0 = Release|Any CPU
		{7C055ABF-24EC-4407-BC9D-BFA64CE7DD67}.Debug|Any CPU.ActiveCfg = Debug|Any CPU
		{7C055ABF-24EC-4407-BC9D-BFA64CE7DD67}.Debug|Any CPU.Build.0 = Debug|Any CPU
		{7C055ABF-24EC-4407-BC9D-BFA64CE7DD67}.Release|Any CPU.ActiveCfg = Release|Any CPU
		{7C055ABF-24EC-4407-BC9D-BFA64CE7DD67}.Release|Any CPU.Build.0 = Release|Any CPU
		{68B48C09-DD20-4728-8FAC-91302CF30929}.Debug|Any CPU.ActiveCfg = Debug|Any CPU
		{68B48C09-DD20-4728-8FAC-91302CF30929}.Debug|Any CPU.Build.0 = Debug|Any CPU
		{68B48C09-DD20-4728-8FAC-91302CF30929}.Release|Any CPU.ActiveCfg = Release|Any CPU
		{68B48C09-DD20-4728-8FAC-91302CF30929}.Release|Any CPU.Build.0 = Release|Any CPU
		{1479D03A-E1FD-4AFC-8066-AE7FEB2FD93C}.Debug|Any CPU.ActiveCfg = Debug|Any CPU
		{1479D03A-E1FD-4AFC-8066-AE7FEB2FD93C}.Debug|Any CPU.Build.0 = Debug|Any CPU
		{1479D03A-E1FD-4AFC-8066-AE7FEB2FD93C}.Release|Any CPU.ActiveCfg = Release|Any CPU
		{1479D03A-E1FD-4AFC-8066-AE7FEB2FD93C}.Release|Any CPU.Build.0 = Release|Any CPU
		{F5FBF16E-F917-41B2-BD5C-E7716F72C298}.Debug|Any CPU.ActiveCfg = Debug|Any CPU
		{F5FBF16E-F917-41B2-BD5C-E7716F72C298}.Debug|Any CPU.Build.0 = Debug|Any CPU
		{F5FBF16E-F917-41B2-BD5C-E7716F72C298}.Release|Any CPU.ActiveCfg = Release|Any CPU
		{F5FBF16E-F917-41B2-BD5C-E7716F72C298}.Release|Any CPU.Build.0 = Release|Any CPU
		{4572E923-C473-4DBB-ABFD-FEC8F105B2C3}.Debug|Any CPU.ActiveCfg = Debug|Any CPU
		{4572E923-C473-4DBB-ABFD-FEC8F105B2C3}.Debug|Any CPU.Build.0 = Debug|Any CPU
		{4572E923-C473-4DBB-ABFD-FEC8F105B2C3}.Release|Any CPU.ActiveCfg = Release|Any CPU
		{4572E923-C473-4DBB-ABFD-FEC8F105B2C3}.Release|Any CPU.Build.0 = Release|Any CPU
		{DE066C01-1C3D-46F5-B9B2-9BE35B14EB5A}.Debug|Any CPU.ActiveCfg = Debug|Any CPU
		{DE066C01-1C3D-46F5-B9B2-9BE35B14EB5A}.Debug|Any CPU.Build.0 = Debug|Any CPU
		{DE066C01-1C3D-46F5-B9B2-9BE35B14EB5A}.Release|Any CPU.ActiveCfg = Release|Any CPU
		{DE066C01-1C3D-46F5-B9B2-9BE35B14EB5A}.Release|Any CPU.Build.0 = Release|Any CPU
		{DB1DF5AA-B892-48F0-8DED-7DBEEC327F9A}.Debug|Any CPU.ActiveCfg = Debug|Any CPU
		{DB1DF5AA-B892-48F0-8DED-7DBEEC327F9A}.Debug|Any CPU.Build.0 = Debug|Any CPU
		{DB1DF5AA-B892-48F0-8DED-7DBEEC327F9A}.Release|Any CPU.ActiveCfg = Release|Any CPU
		{DB1DF5AA-B892-48F0-8DED-7DBEEC327F9A}.Release|Any CPU.Build.0 = Release|Any CPU
	EndGlobalSection
	GlobalSection(SolutionProperties) = preSolution
		HideSolutionNode = FALSE
	EndGlobalSection
	GlobalSection(NestedProjects) = preSolution
		{202B46C4-4BBD-4AE9-B207-05CE6E238524} = {7BF8B6E0-2B94-4402-B205-06AEE5BBA53E}
		{CE33DB55-3394-4C37-B3AC-6C131C4B4EA7} = {7BF8B6E0-2B94-4402-B205-06AEE5BBA53E}
		{5D9497C4-D236-41D3-A500-30FD1DEB4AFB} = {7BF8B6E0-2B94-4402-B205-06AEE5BBA53E}
		{48209268-8D24-4217-814E-797AF98BE053} = {CE1CBAFE-9F39-44C4-84D0-78D17C9BA4D9}
		{191EF22E-9CC8-44A4-84BE-E8D7607D448A} = {CE1CBAFE-9F39-44C4-84D0-78D17C9BA4D9}
		{10C77DB3-8974-4AD3-B627-F1B869467202} = {CE1CBAFE-9F39-44C4-84D0-78D17C9BA4D9}
		{2F736444-E9DB-488C-AD34-5B3AE78DCE91} = {CE1CBAFE-9F39-44C4-84D0-78D17C9BA4D9}
		{FFAAC7D0-FA8E-41C3-9C59-31BFBCA739E2} = {CE1CBAFE-9F39-44C4-84D0-78D17C9BA4D9}
		{68B48C09-DD20-4728-8FAC-91302CF30929} = {E25144DA-A80B-4542-82F0-32A835C76688}
		{1479D03A-E1FD-4AFC-8066-AE7FEB2FD93C} = {E25144DA-A80B-4542-82F0-32A835C76688}
		{F5FBF16E-F917-41B2-BD5C-E7716F72C298} = {85DCDEC4-F74C-4865-8145-F666D73A68A8}
		{4572E923-C473-4DBB-ABFD-FEC8F105B2C3} = {85DCDEC4-F74C-4865-8145-F666D73A68A8}
		{DE066C01-1C3D-46F5-B9B2-9BE35B14EB5A} = {85DCDEC4-F74C-4865-8145-F666D73A68A8}
		{DB1DF5AA-B892-48F0-8DED-7DBEEC327F9A} = {ED24AE38-001A-4E95-B024-9362CCFD8671}
	EndGlobalSection
	GlobalSection(ExtensibilityGlobals) = postSolution
		SolutionGuid = {97EB551C-541C-4437-BDDD-CF6961504A33}
	EndGlobalSection
EndGlobal
