
Microsoft Visual Studio Solution File, Format Version 12.00
# Visual Studio Version 16
VisualStudioVersion = 16.0.30114.105
MinimumVisualStudioVersion = 10.0.40219.1
Project("{9A19103F-16F7-4668-BE54-9A1E7A4F7556}") = "SwaggerDemo", "SwaggerDemo\SwaggerDemo.csproj", "{D2F19E3A-FD2C-49EE-944F-160177C53E6A}"
EndProject
Project("{9A19103F-16F7-4668-BE54-9A1E7A4F7556}") = "TestSwaggerModel", "TestSwaggerModel\TestSwaggerModel.csproj", "{97B185A2-92CC-46A7-ACF1-DBE930CC899E}"
EndProject
Project("{9A19103F-16F7-4668-BE54-9A1E7A4F7556}") = "MvcFilterDemo", "MvcFilterDemo\MvcFilterDemo.csproj", "{9D42BBD8-F21C-4287-BFFB-B665859583CE}"
EndProject
Project("{2150E333-8FDC-42A3-9474-1A3956D46DE8}") = "MediatRDemo", "MediatRDemo", "{7BF8B6E0-2B94-4402-B205-06AEE5BBA53E}"
EndProject
Project("{9A19103F-16F7-4668-BE54-9A1E7A4F7556}") = "MediatRConsoleDemo", "MediatRConsoleDemo\MediatRConsoleDemo.csproj", "{202B46C4-4BBD-4AE9-B207-05CE6E238524}"
EndProject
Project("{9A19103F-16F7-4668-BE54-9A1E7A4F7556}") = "MediatorDemo", "MediatorDemo\MediatorDemo.csproj", "{CE33DB55-3394-4C37-B3AC-6C131C4B4EA7}"
EndProject
Project("{9A19103F-16F7-4668-BE54-9A1E7A4F7556}") = "MediatRAspNetCoreDemo", "MediatRAspNetCoreDemo\MediatRAspNetCoreDemo.csproj", "{5D9497C4-D236-41D3-A500-30FD1DEB4AFB}"
EndProject
Project("{2150E333-8FDC-42A3-9474-1A3956D46DE8}") = "EFCoreDemo", "EFCoreDemo", "{CE1CBAFE-9F39-44C4-84D0-78D17C9BA4D9}"
EndProject
Project("{FAE04EC0-301F-11D3-BF4B-00C04F79EFBC}") = "EFCoreTestDemo", "EFCoreTestDemo\EFCoreTestDemo.csproj", "{48209268-8D24-4217-814E-797AF98BE053}"
EndProject
Project("{FAE04EC0-301F-11D3-BF4B-00C04F79EFBC}") = "EFCoreTestModel", "EFCoreTestModel\EFCoreTestModel.csproj", "{191EF22E-9CC8-44A4-84BE-E8D7607D448A}"
EndProject
Project("{FAE04EC0-301F-11D3-BF4B-00C04F79EFBC}") = "EFCoreTestService", "EFCoreTestService\EFCoreTestService.csproj", "{10C77DB3-8974-4AD3-B627-F1B869467202}"
EndProject
Project("{FAE04EC0-301F-11D3-BF4B-00C04F79EFBC}") = "EFCoreTestRespository", "EFCoreTestRespository\EFCoreTestRespository.csproj", "{2F736444-E9DB-488C-AD34-5B3AE78DCE91}"
EndProject
Project("{FAE04EC0-301F-11D3-BF4B-00C04F79EFBC}") = "test", "test\test.csproj", "{FFAAC7D0-FA8E-41C3-9C59-31BFBCA739E2}"
EndProject
Global
	GlobalSection(SolutionConfigurationPlatforms) = preSolution
		Debug|Any CPU = Debug|Any CPU
		Release|Any CPU = Release|Any CPU
	EndGlobalSection
	GlobalSection(ProjectConfigurationPlatforms) = postSolution
		{D2F19E3A-FD2C-49EE-944F-160177C53E6A}.Debug|Any CPU.ActiveCfg = Debug|Any CPU
		{D2F19E3A-FD2C-49EE-944F-160177C53E6A}.Debug|Any CPU.Build.0 = Debug|Any CPU
		{D2F19E3A-FD2C-49EE-944F-160177C53E6A}.Release|Any CPU.ActiveCfg = Release|Any CPU
		{D2F19E3A-FD2C-49EE-944F-160177C53E6A}.Release|Any CPU.Build.0 = Release|Any CPU
		{97B185A2-92CC-46A7-ACF1-DBE930CC899E}.Debug|Any CPU.ActiveCfg = Debug|Any CPU
		{97B185A2-92CC-46A7-ACF1-DBE930CC899E}.Debug|Any CPU.Build.0 = Debug|Any CPU
		{97B185A2-92CC-46A7-ACF1-DBE930CC899E}.Release|Any CPU.ActiveCfg = Release|Any CPU
		{97B185A2-92CC-46A7-ACF1-DBE930CC899E}.Release|Any CPU.Build.0 = Release|Any CPU
		{9D42BBD8-F21C-4287-BFFB-B665859583CE}.Debug|Any CPU.ActiveCfg = Debug|Any CPU
		{9D42BBD8-F21C-4287-BFFB-B665859583CE}.Debug|Any CPU.Build.0 = Debug|Any CPU
		{9D42BBD8-F21C-4287-BFFB-B665859583CE}.Release|Any CPU.ActiveCfg = Release|Any CPU
		{9D42BBD8-F21C-4287-BFFB-B665859583CE}.Release|Any CPU.Build.0 = Release|Any CPU
		{202B46C4-4BBD-4AE9-B207-05CE6E238524}.Debug|Any CPU.ActiveCfg = Debug|Any CPU
		{202B46C4-4BBD-4AE9-B207-05CE6E238524}.Debug|Any CPU.Build.0 = Debug|Any CPU
		{202B46C4-4BBD-4AE9-B207-05CE6E238524}.Release|Any CPU.ActiveCfg = Release|Any CPU
		{202B46C4-4BBD-4AE9-B207-05CE6E238524}.Release|Any CPU.Build.0 = Release|Any CPU
		{CE33DB55-3394-4C37-B3AC-6C131C4B4EA7}.Debug|Any CPU.ActiveCfg = Debug|Any CPU
		{CE33DB55-3394-4C37-B3AC-6C131C4B4EA7}.Debug|Any CPU.Build.0 = Debug|Any CPU
		{CE33DB55-3394-4C37-B3AC-6C131C4B4EA7}.Release|Any CPU.ActiveCfg = Release|Any CPU
		{CE33DB55-3394-4C37-B3AC-6C131C4B4EA7}.Release|Any CPU.Build.0 = Release|Any CPU
		{5D9497C4-D236-41D3-A500-30FD1DEB4AFB}.Debug|Any CPU.ActiveCfg = Debug|Any CPU
		{5D9497C4-D236-41D3-A500-30FD1DEB4AFB}.Debug|Any CPU.Build.0 = Debug|Any CPU
		{5D9497C4-D236-41D3-A500-30FD1DEB4AFB}.Release|Any CPU.ActiveCfg = Release|Any CPU
		{5D9497C4-D236-41D3-A500-30FD1DEB4AFB}.Release|Any CPU.Build.0 = Release|Any CPU
		{48209268-8D24-4217-814E-797AF98BE053}.Debug|Any CPU.ActiveCfg = Debug|Any CPU
		{48209268-8D24-4217-814E-797AF98BE053}.Debug|Any CPU.Build.0 = Debug|Any CPU
		{48209268-8D24-4217-814E-797AF98BE053}.Release|Any CPU.ActiveCfg = Release|Any CPU
		{48209268-8D24-4217-814E-797AF98BE053}.Release|Any CPU.Build.0 = Release|Any CPU
		{191EF22E-9CC8-44A4-84BE-E8D7607D448A}.Debug|Any CPU.ActiveCfg = Debug|Any CPU
		{191EF22E-9CC8-44A4-84BE-E8D7607D448A}.Debug|Any CPU.Build.0 = Debug|Any CPU
		{191EF22E-9CC8-44A4-84BE-E8D7607D448A}.Release|Any CPU.ActiveCfg = Release|Any CPU
		{191EF22E-9CC8-44A4-84BE-E8D7607D448A}.Release|Any CPU.Build.0 = Release|Any CPU
		{10C77DB3-8974-4AD3-B627-F1B869467202}.Debug|Any CPU.ActiveCfg = Debug|Any CPU
		{10C77DB3-8974-4AD3-B627-F1B869467202}.Debug|Any CPU.Build.0 = Debug|Any CPU
		{10C77DB3-8974-4AD3-B627-F1B869467202}.Release|Any CPU.ActiveCfg = Release|Any CPU
		{10C77DB3-8974-4AD3-B627-F1B869467202}.Release|Any CPU.Build.0 = Release|Any CPU
		{2F736444-E9DB-488C-AD34-5B3AE78DCE91}.Debug|Any CPU.ActiveCfg = Debug|Any CPU
		{2F736444-E9DB-488C-AD34-5B3AE78DCE91}.Debug|Any CPU.Build.0 = Debug|Any CPU
		{2F736444-E9DB-488C-AD34-5B3AE78DCE91}.Release|Any CPU.ActiveCfg = Release|Any CPU
		{2F736444-E9DB-488C-AD34-5B3AE78DCE91}.Release|Any CPU.Build.0 = Release|Any CPU
		{FFAAC7D0-FA8E-41C3-9C59-31BFBCA739E2}.Debug|Any CPU.ActiveCfg = Debug|Any CPU
		{FFAAC7D0-FA8E-41C3-9C59-31BFBCA739E2}.Debug|Any CPU.Build.0 = Debug|Any CPU
		{FFAAC7D0-FA8E-41C3-9C59-31BFBCA739E2}.Release|Any CPU.ActiveCfg = Release|Any CPU
		{FFAAC7D0-FA8E-41C3-9C59-31BFBCA739E2}.Release|Any CPU.Build.0 = Release|Any CPU
	EndGlobalSection
	GlobalSection(SolutionProperties) = preSolution
		HideSolutionNode = FALSE
	EndGlobalSection
	GlobalSection(NestedProjects) = preSolution
		{202B46C4-4BBD-4AE9-B207-05CE6E238524} = {7BF8B6E0-2B94-4402-B205-06AEE5BBA53E}
		{CE33DB55-3394-4C37-B3AC-6C131C4B4EA7} = {7BF8B6E0-2B94-4402-B205-06AEE5BBA53E}
		{5D9497C4-D236-41D3-A500-30FD1DEB4AFB} = {7BF8B6E0-2B94-4402-B205-06AEE5BBA53E}
		{48209268-8D24-4217-814E-797AF98BE053} = {CE1CBAFE-9F39-44C4-84D0-78D17C9BA4D9}
		{191EF22E-9CC8-44A4-84BE-E8D7607D448A} = {CE1CBAFE-9F39-44C4-84D0-78D17C9BA4D9}
		{10C77DB3-8974-4AD3-B627-F1B869467202} = {CE1CBAFE-9F39-44C4-84D0-78D17C9BA4D9}
		{2F736444-E9DB-488C-AD34-5B3AE78DCE91} = {CE1CBAFE-9F39-44C4-84D0-78D17C9BA4D9}
		{FFAAC7D0-FA8E-41C3-9C59-31BFBCA739E2} = {CE1CBAFE-9F39-44C4-84D0-78D17C9BA4D9}
	EndGlobalSection
	GlobalSection(ExtensibilityGlobals) = postSolution
		SolutionGuid = {97EB551C-541C-4437-BDDD-CF6961504A33}
	EndGlobalSection
EndGlobal
